Microsoft Visual Studio Solution File, Format Version 12.00
# Visual Studio Version 17
VisualStudioVersion = 17.0.32002.185
MinimumVisualStudioVersion = 10.0.40219.1
Project("{2150E333-8FDC-42A3-9474-1A3956D46DE8}") = "Misc", "Misc", "{FAAD5B1C-1217-48D6-B1EF-7CAC0440D6A4}"
	ProjectSection(SolutionItems) = preProject
		.editorconfig = .editorconfig
		Directory.Build.props = Directory.Build.props
		GitVersion.yml = GitVersion.yml
		README.md = README.md
	EndProjectSection
EndProject
Project("{2150E333-8FDC-42A3-9474-1A3956D46DE8}") = "Libs", "Libs", "{7A2A3C07-B652-4759-AFC4-49378D764784}"
	ProjectSection(SolutionItems) = preProject
		src\Directory.Build.props = src\Directory.Build.props
	EndProjectSection
EndProject
Project("{2150E333-8FDC-42A3-9474-1A3956D46DE8}") = "Tests", "Tests", "{22937B93-4129-4F68-AB14-F7AFE020BA8F}"
	ProjectSection(SolutionItems) = preProject
		tests\Directory.Build.props = tests\Directory.Build.props
	EndProjectSection
EndProject
Project("{D954291E-2A0B-460D-934E-DC6B0785DB48}") = "FastGraph.CommonInternals", "src\FastGraph.CommonInternals\FastGraph.CommonInternals.shproj", "{CE984360-54F0-406F-B8A9-E75897DAED3B}"
EndProject
Project("{9A19103F-16F7-4668-BE54-9A1E7A4F7556}") = "FastGraph", "src\FastGraph\FastGraph.csproj", "{A9A5C115-0680-44B3-A87E-5ECF4C93814E}"
EndProject
Project("{9A19103F-16F7-4668-BE54-9A1E7A4F7556}") = "FastGraph.Serialization", "src\FastGraph.Serialization\FastGraph.Serialization.csproj", "{C8B5E125-4624-44D9-1234-5CAF4C25876E}"
EndProject
Project("{9A19103F-16F7-4668-BE54-9A1E7A4F7556}") = "FastGraph.Graphviz", "src\FastGraph.Graphviz\FastGraph.Graphviz.csproj", "{20713F1D-74E0-44E0-A533-0D3DC30D3898}"
EndProject
Project("{9A19103F-16F7-4668-BE54-9A1E7A4F7556}") = "FastGraph.Data", "src\FastGraph.Data\FastGraph.Data.csproj", "{90E1536B-6B95-4072-8C60-10E4DC30AE1A}"
EndProject
Project("{9A19103F-16F7-4668-BE54-9A1E7A4F7556}") = "FastGraph.MSAGL", "src\FastGraph.MSAGL\FastGraph.MSAGL.csproj", "{1C978139-80BD-4081-94CC-14CBAEEFEB24}"
EndProject
Project("{9A19103F-16F7-4668-BE54-9A1E7A4F7556}") = "FastGraph.Petri", "src\FastGraph.Petri\FastGraph.Petri.csproj", "{F7008BAF-1F3A-4406-80B1-4A2F2CDC0CDD}"
EndProject
Project("{D954291E-2A0B-460D-934E-DC6B0785DB48}") = "FastGraph.Tests.CommonInternals", "tests\FastGraph.Tests.CommonInternals\FastGraph.Tests.CommonInternals.shproj", "{52F3FFCF-1638-48D8-B124-0347C723F2FC}"
EndProject
Project("{9A19103F-16F7-4668-BE54-9A1E7A4F7556}") = "FastGraph.Tests", "tests\FastGraph.Tests\FastGraph.Tests.csproj", "{61DF76E1-DE2B-4DF1-AD5F-89939AB06693}"
EndProject
Project("{9A19103F-16F7-4668-BE54-9A1E7A4F7556}") = "FastGraph.Serialization.Tests", "tests\FastGraph.Serialization.Tests\FastGraph.Serialization.Tests.csproj", "{8ADDDAE1-FA2C-4637-C67F-8743BEB126CD}"
EndProject
Project("{9A19103F-16F7-4668-BE54-9A1E7A4F7556}") = "FastGraph.Graphviz.Tests", "tests\FastGraph.Graphviz.Tests\FastGraph.Graphviz.Tests.csproj", "{69DFD21C-D3A3-4764-B3F0-2FDF612E1F65}"
EndProject
Project("{9A19103F-16F7-4668-BE54-9A1E7A4F7556}") = "FastGraph.Data.Tests", "tests\FastGraph.Data.Tests\FastGraph.Data.Tests.csproj", "{908FE868-7ABE-4FE8-BFA6-C5E6572B780D}"
EndProject
Project("{9A19103F-16F7-4668-BE54-9A1E7A4F7556}") = "FastGraph.MSAGL.Tests", "tests\FastGraph.MSAGL.Tests\FastGraph.MSAGL.Tests.csproj", "{7160DDAB-12B0-491F-9A79-BF3B5E0CD872}"
EndProject
Project("{9A19103F-16F7-4668-BE54-9A1E7A4F7556}") = "FastGraph.Petri.Tests", "tests\FastGraph.Petri.Tests\FastGraph.Petri.Tests.csproj", "{CD993F58-A275-4E67-9F8E-BAF3BE6F21B6}"
EndProject
Project("{9A19103F-16F7-4668-BE54-9A1E7A4F7556}") = "FastGraph.TestSupport.Internal", "src\FastGraph.TestSupport.Internal\FastGraph.TestSupport.Internal.csproj", "{0276B32A-79C5-44F5-8F22-E1F6B3F9C0F6}"
EndProject
Global
	GlobalSection(SharedMSBuildProjectFiles) = preSolution
		src\FastGraph.CommonInternals\FastGraph.CommonInternals.projitems*{69dfd21c-d3a3-4764-b3f0-2fdf612e1f65}*SharedItemsImports = 5
		src\FastGraph.CommonInternals\FastGraph.CommonInternals.projitems*{7160ddab-12b0-491f-9a79-bf3b5e0cd872}*SharedItemsImports = 5
		src\FastGraph.CommonInternals\FastGraph.CommonInternals.projitems*{908fe868-7abe-4fe8-bfa6-c5e6572b780d}*SharedItemsImports = 5
	EndGlobalSection
	GlobalSection(SolutionConfigurationPlatforms) = preSolution
		Debug|Any CPU = Debug|Any CPU
		Release|Any CPU = Release|Any CPU
	EndGlobalSection
	GlobalSection(ProjectConfigurationPlatforms) = postSolution
		{A9A5C115-0680-44B3-A87E-5ECF4C93814E}.Debug|Any CPU.ActiveCfg = Debug|Any CPU
		{A9A5C115-0680-44B3-A87E-5ECF4C93814E}.Debug|Any CPU.Build.0 = Debug|Any CPU
		{A9A5C115-0680-44B3-A87E-5ECF4C93814E}.Release|Any CPU.ActiveCfg = Release|Any CPU
		{A9A5C115-0680-44B3-A87E-5ECF4C93814E}.Release|Any CPU.Build.0 = Release|Any CPU
		{C8B5E125-4624-44D9-1234-5CAF4C25876E}.Debug|Any CPU.ActiveCfg = Debug|Any CPU
		{C8B5E125-4624-44D9-1234-5CAF4C25876E}.Debug|Any CPU.Build.0 = Debug|Any CPU
		{C8B5E125-4624-44D9-1234-5CAF4C25876E}.Release|Any CPU.ActiveCfg = Release|Any CPU
		{C8B5E125-4624-44D9-1234-5CAF4C25876E}.Release|Any CPU.Build.0 = Release|Any CPU
		{20713F1D-74E0-44E0-A533-0D3DC30D3898}.Debug|Any CPU.ActiveCfg = Debug|Any CPU
		{20713F1D-74E0-44E0-A533-0D3DC30D3898}.Debug|Any CPU.Build.0 = Debug|Any CPU
		{20713F1D-74E0-44E0-A533-0D3DC30D3898}.Release|Any CPU.ActiveCfg = Release|Any CPU
		{20713F1D-74E0-44E0-A533-0D3DC30D3898}.Release|Any CPU.Build.0 = Release|Any CPU
		{90E1536B-6B95-4072-8C60-10E4DC30AE1A}.Debug|Any CPU.ActiveCfg = Debug|Any CPU
		{90E1536B-6B95-4072-8C60-10E4DC30AE1A}.Debug|Any CPU.Build.0 = Debug|Any CPU
		{90E1536B-6B95-4072-8C60-10E4DC30AE1A}.Release|Any CPU.ActiveCfg = Release|Any CPU
		{90E1536B-6B95-4072-8C60-10E4DC30AE1A}.Release|Any CPU.Build.0 = Release|Any CPU
		{1C978139-80BD-4081-94CC-14CBAEEFEB24}.Debug|Any CPU.ActiveCfg = Debug|Any CPU
		{1C978139-80BD-4081-94CC-14CBAEEFEB24}.Debug|Any CPU.Build.0 = Debug|Any CPU
		{1C978139-80BD-4081-94CC-14CBAEEFEB24}.Release|Any CPU.ActiveCfg = Release|Any CPU
		{1C978139-80BD-4081-94CC-14CBAEEFEB24}.Release|Any CPU.Build.0 = Release|Any CPU
		{F7008BAF-1F3A-4406-80B1-4A2F2CDC0CDD}.Debug|Any CPU.ActiveCfg = Debug|Any CPU
		{F7008BAF-1F3A-4406-80B1-4A2F2CDC0CDD}.Debug|Any CPU.Build.0 = Debug|Any CPU
		{F7008BAF-1F3A-4406-80B1-4A2F2CDC0CDD}.Release|Any CPU.ActiveCfg = Release|Any CPU
		{F7008BAF-1F3A-4406-80B1-4A2F2CDC0CDD}.Release|Any CPU.Build.0 = Release|Any CPU
		{61DF76E1-DE2B-4DF1-AD5F-89939AB06693}.Debug|Any CPU.ActiveCfg = Debug|Any CPU
		{61DF76E1-DE2B-4DF1-AD5F-89939AB06693}.Debug|Any CPU.Build.0 = Debug|Any CPU
		{61DF76E1-DE2B-4DF1-AD5F-89939AB06693}.Release|Any CPU.ActiveCfg = Release|Any CPU
		{61DF76E1-DE2B-4DF1-AD5F-89939AB06693}.Release|Any CPU.Build.0 = Release|Any CPU
		{8ADDDAE1-FA2C-4637-C67F-8743BEB126CD}.Debug|Any CPU.ActiveCfg = Debug|Any CPU
		{8ADDDAE1-FA2C-4637-C67F-8743BEB126CD}.Debug|Any CPU.Build.0 = Debug|Any CPU
		{8ADDDAE1-FA2C-4637-C67F-8743BEB126CD}.Release|Any CPU.ActiveCfg = Release|Any CPU
		{8ADDDAE1-FA2C-4637-C67F-8743BEB126CD}.Release|Any CPU.Build.0 = Release|Any CPU
		{69DFD21C-D3A3-4764-B3F0-2FDF612E1F65}.Debug|Any CPU.ActiveCfg = Debug|Any CPU
		{69DFD21C-D3A3-4764-B3F0-2FDF612E1F65}.Debug|Any CPU.Build.0 = Debug|Any CPU
		{69DFD21C-D3A3-4764-B3F0-2FDF612E1F65}.Release|Any CPU.ActiveCfg = Release|Any CPU
		{69DFD21C-D3A3-4764-B3F0-2FDF612E1F65}.Release|Any CPU.Build.0 = Release|Any CPU
		{908FE868-7ABE-4FE8-BFA6-C5E6572B780D}.Debug|Any CPU.ActiveCfg = Debug|Any CPU
		{908FE868-7ABE-4FE8-BFA6-C5E6572B780D}.Debug|Any CPU.Build.0 = Debug|Any CPU
		{908FE868-7ABE-4FE8-BFA6-C5E6572B780D}.Release|Any CPU.ActiveCfg = Release|Any CPU
		{908FE868-7ABE-4FE8-BFA6-C5E6572B780D}.Release|Any CPU.Build.0 = Release|Any CPU
		{7160DDAB-12B0-491F-9A79-BF3B5E0CD872}.Debug|Any CPU.ActiveCfg = Debug|Any CPU
		{7160DDAB-12B0-491F-9A79-BF3B5E0CD872}.Debug|Any CPU.Build.0 = Debug|Any CPU
		{7160DDAB-12B0-491F-9A79-BF3B5E0CD872}.Release|Any CPU.ActiveCfg = Release|Any CPU
		{7160DDAB-12B0-491F-9A79-BF3B5E0CD872}.Release|Any CPU.Build.0 = Release|Any CPU
		{CD993F58-A275-4E67-9F8E-BAF3BE6F21B6}.Debug|Any CPU.ActiveCfg = Debug|Any CPU
		{CD993F58-A275-4E67-9F8E-BAF3BE6F21B6}.Debug|Any CPU.Build.0 = Debug|Any CPU
		{CD993F58-A275-4E67-9F8E-BAF3BE6F21B6}.Release|Any CPU.ActiveCfg = Release|Any CPU
		{CD993F58-A275-4E67-9F8E-BAF3BE6F21B6}.Release|Any CPU.Build.0 = Release|Any CPU
		{0276B32A-79C5-44F5-8F22-E1F6B3F9C0F6}.Debug|Any CPU.ActiveCfg = Debug|Any CPU
		{0276B32A-79C5-44F5-8F22-E1F6B3F9C0F6}.Debug|Any CPU.Build.0 = Debug|Any CPU
		{0276B32A-79C5-44F5-8F22-E1F6B3F9C0F6}.Release|Any CPU.ActiveCfg = Release|Any CPU
		{0276B32A-79C5-44F5-8F22-E1F6B3F9C0F6}.Release|Any CPU.Build.0 = Release|Any CPU
	EndGlobalSection
	GlobalSection(SolutionProperties) = preSolution
		HideSolutionNode = FALSE
	EndGlobalSection
	GlobalSection(NestedProjects) = preSolution
		{CE984360-54F0-406F-B8A9-E75897DAED3B} = {7A2A3C07-B652-4759-AFC4-49378D764784}
		{A9A5C115-0680-44B3-A87E-5ECF4C93814E} = {7A2A3C07-B652-4759-AFC4-49378D764784}
		{C8B5E125-4624-44D9-1234-5CAF4C25876E} = {7A2A3C07-B652-4759-AFC4-49378D764784}
		{20713F1D-74E0-44E0-A533-0D3DC30D3898} = {7A2A3C07-B652-4759-AFC4-49378D764784}
		{90E1536B-6B95-4072-8C60-10E4DC30AE1A} = {7A2A3C07-B652-4759-AFC4-49378D764784}
		{1C978139-80BD-4081-94CC-14CBAEEFEB24} = {7A2A3C07-B652-4759-AFC4-49378D764784}
		{F7008BAF-1F3A-4406-80B1-4A2F2CDC0CDD} = {7A2A3C07-B652-4759-AFC4-49378D764784}
		{52F3FFCF-1638-48D8-B124-0347C723F2FC} = {22937B93-4129-4F68-AB14-F7AFE020BA8F}
		{61DF76E1-DE2B-4DF1-AD5F-89939AB06693} = {22937B93-4129-4F68-AB14-F7AFE020BA8F}
		{8ADDDAE1-FA2C-4637-C67F-8743BEB126CD} = {22937B93-4129-4F68-AB14-F7AFE020BA8F}
		{69DFD21C-D3A3-4764-B3F0-2FDF612E1F65} = {22937B93-4129-4F68-AB14-F7AFE020BA8F}
		{908FE868-7ABE-4FE8-BFA6-C5E6572B780D} = {22937B93-4129-4F68-AB14-F7AFE020BA8F}
		{7160DDAB-12B0-491F-9A79-BF3B5E0CD872} = {22937B93-4129-4F68-AB14-F7AFE020BA8F}
		{CD993F58-A275-4E67-9F8E-BAF3BE6F21B6} = {22937B93-4129-4F68-AB14-F7AFE020BA8F}
		{0276B32A-79C5-44F5-8F22-E1F6B3F9C0F6} = {7A2A3C07-B652-4759-AFC4-49378D764784}
	EndGlobalSection
	GlobalSection(ExtensibilityGlobals) = postSolution
		SolutionGuid = {C26EFBC1-5149-4422-AFD3-172667AA018F}
	EndGlobalSection
EndGlobal
