Microsoft Visual Studio Solution File, Format Version 12.00
# Visual Studio Version 16
VisualStudioVersion = 16.0.30011.22
MinimumVisualStudioVersion = 10.0.40219.1
Project("{2150E333-8FDC-42A3-9474-1A3956D46DE8}") = "Misc", "Misc", "{FAAD5B1C-1217-48D6-B1EF-7CAC0440D6A4}"
	ProjectSection(SolutionItems) = preProject
		appveyor.yml = appveyor.yml
		README.md = README.md
		RELEASE_NOTES.md = RELEASE_NOTES.md
	EndProjectSection
EndProject
Project("{2150E333-8FDC-42A3-9474-1A3956D46DE8}") = "Libs", "Libs", "{7A2A3C07-B652-4759-AFC4-49378D764784}"
EndProject
Project("{2150E333-8FDC-42A3-9474-1A3956D46DE8}") = "Tests", "Tests", "{22937B93-4129-4F68-AB14-F7AFE020BA8F}"
EndProject
Project("{D954291E-2A0B-460D-934E-DC6B0785DB48}") = "QuikGraph.CommonInternals", "src\QuikGraph.CommonInternals\QuikGraph.CommonInternals.shproj", "{CE984360-54F0-406F-B8A9-E75897DAED3B}"
EndProject
Project("{9A19103F-16F7-4668-BE54-9A1E7A4F7556}") = "QuikGraph", "src\QuikGraph\QuikGraph.csproj", "{A9A5C115-0680-44B3-A87E-5ECF4C93814E}"
EndProject
Project("{9A19103F-16F7-4668-BE54-9A1E7A4F7556}") = "QuikGraph.Serialization", "src\QuikGraph.Serialization\QuikGraph.Serialization.csproj", "{C8B5E125-4624-44D9-1234-5CAF4C25876E}"
EndProject
Project("{9A19103F-16F7-4668-BE54-9A1E7A4F7556}") = "QuikGraph.Graphviz", "src\QuikGraph.Graphviz\QuikGraph.Graphviz.csproj", "{20713F1D-74E0-44E0-A533-0D3DC30D3898}"
EndProject
Project("{9A19103F-16F7-4668-BE54-9A1E7A4F7556}") = "QuikGraph.Data", "src\QuikGraph.Data\QuikGraph.Data.csproj", "{90E1536B-6B95-4072-8C60-10E4DC30AE1A}"
EndProject
Project("{9A19103F-16F7-4668-BE54-9A1E7A4F7556}") = "QuikGraph.MSAGL", "src\QuikGraph.MSAGL\QuikGraph.MSAGL.csproj", "{1C978139-80BD-4081-94CC-14CBAEEFEB24}"
EndProject
Project("{9A19103F-16F7-4668-BE54-9A1E7A4F7556}") = "QuikGraph.Petri", "src\QuikGraph.Petri\QuikGraph.Petri.csproj", "{F7008BAF-1F3A-4406-80B1-4A2F2CDC0CDD}"
EndProject
Project("{D954291E-2A0B-460D-934E-DC6B0785DB48}") = "QuikGraph.Tests.CommonInternals", "tests\QuikGraph.Tests.CommonInternals\QuikGraph.Tests.CommonInternals.shproj", "{52F3FFCF-1638-48D8-B124-0347C723F2FC}"
EndProject
Project("{D954291E-2A0B-460D-934E-DC6B0785DB48}") = "QuikGraph.Serialization.Tests.CommonInternals", "tests\QuikGraph.Serialization.Tests.CommonInternals\QuikGraph.Serialization.Tests.CommonInternals.shproj", "{98E60A67-C326-4B83-8EFF-B77E9C651945}"
EndProject
Project("{9A19103F-16F7-4668-BE54-9A1E7A4F7556}") = "QuikGraph.Tests", "tests\QuikGraph.Tests\QuikGraph.Tests.csproj", "{61DF76E1-DE2B-4DF1-AD5F-89939AB06693}"
EndProject
Project("{9A19103F-16F7-4668-BE54-9A1E7A4F7556}") = "QuikGraph.Serialization.Tests", "tests\QuikGraph.Serialization.Tests\QuikGraph.Serialization.Tests.csproj", "{8ADDDAE1-FA2C-4637-C67F-8743BEB126CD}"
EndProject
Project("{9A19103F-16F7-4668-BE54-9A1E7A4F7556}") = "QuikGraph.Graphviz.Tests", "tests\QuikGraph.Graphviz.Tests\QuikGraph.Graphviz.Tests.csproj", "{69DFD21C-D3A3-4764-B3F0-2FDF612E1F65}"
EndProject
Project("{9A19103F-16F7-4668-BE54-9A1E7A4F7556}") = "QuikGraph.Data.Tests", "tests\QuikGraph.Data.Tests\QuikGraph.Data.Tests.csproj", "{908FE868-7ABE-4FE8-BFA6-C5E6572B780D}"
EndProject
Project("{9A19103F-16F7-4668-BE54-9A1E7A4F7556}") = "QuikGraph.MSAGL.Tests", "tests\QuikGraph.MSAGL.Tests\QuikGraph.MSAGL.Tests.csproj", "{7160DDAB-12B0-491F-9A79-BF3B5E0CD872}"
EndProject
Project("{9A19103F-16F7-4668-BE54-9A1E7A4F7556}") = "QuikGraph.Petri.Tests", "tests\QuikGraph.Petri.Tests\QuikGraph.Petri.Tests.csproj", "{CD993F58-A275-4E67-9F8E-BAF3BE6F21B6}"
EndProject
Global
	GlobalSection(SharedMSBuildProjectFiles) = preSolution
		src\QuikGraph.CommonInternals\QuikGraph.CommonInternals.projitems*{69dfd21c-d3a3-4764-b3f0-2fdf612e1f65}*SharedItemsImports = 5
		src\QuikGraph.CommonInternals\QuikGraph.CommonInternals.projitems*{908fe868-7abe-4fe8-bfa6-c5e6572b780d}*SharedItemsImports = 5
		src\QuikGraph.CommonInternals\QuikGraph.CommonInternals.projitems*{7160ddab-12b0-491f-9a79-bf3b5e0cd872}*SharedItemsImports = 5
		tests\QuikGraph.Serialization.Tests.CommonInternals\QuikGraph.Serialization.Tests.CommonInternals.projitems*{61df76e1-de2b-4df1-ad5f-89939ab06693}*SharedItemsImports = 5
		tests\QuikGraph.Serialization.Tests.CommonInternals\QuikGraph.Serialization.Tests.CommonInternals.projitems*{8adddae1-fa2c-4637-c67f-8743beb126cd}*SharedItemsImports = 5
		tests\QuikGraph.Serialization.Tests.CommonInternals\QuikGraph.Serialization.Tests.CommonInternals.projitems*{98e60a67-c326-4b83-8eff-b77e9c651945}*SharedItemsImports = 13
	EndGlobalSection
	GlobalSection(SolutionConfigurationPlatforms) = preSolution
		Debug|Any CPU = Debug|Any CPU
		Release|Any CPU = Release|Any CPU
	EndGlobalSection
	GlobalSection(ProjectConfigurationPlatforms) = postSolution
		{A9A5C115-0680-44B3-A87E-5ECF4C93814E}.Debug|Any CPU.ActiveCfg = Debug|Any CPU
		{A9A5C115-0680-44B3-A87E-5ECF4C93814E}.Debug|Any CPU.Build.0 = Debug|Any CPU
		{A9A5C115-0680-44B3-A87E-5ECF4C93814E}.Release|Any CPU.ActiveCfg = Release|Any CPU
		{A9A5C115-0680-44B3-A87E-5ECF4C93814E}.Release|Any CPU.Build.0 = Release|Any CPU
		{C8B5E125-4624-44D9-1234-5CAF4C25876E}.Debug|Any CPU.ActiveCfg = Debug|Any CPU
		{C8B5E125-4624-44D9-1234-5CAF4C25876E}.Debug|Any CPU.Build.0 = Debug|Any CPU
		{C8B5E125-4624-44D9-1234-5CAF4C25876E}.Release|Any CPU.ActiveCfg = Release|Any CPU
		{C8B5E125-4624-44D9-1234-5CAF4C25876E}.Release|Any CPU.Build.0 = Release|Any CPU
		{20713F1D-74E0-44E0-A533-0D3DC30D3898}.Debug|Any CPU.ActiveCfg = Debug|Any CPU
		{20713F1D-74E0-44E0-A533-0D3DC30D3898}.Debug|Any CPU.Build.0 = Debug|Any CPU
		{20713F1D-74E0-44E0-A533-0D3DC30D3898}.Release|Any CPU.ActiveCfg = Release|Any CPU
		{20713F1D-74E0-44E0-A533-0D3DC30D3898}.Release|Any CPU.Build.0 = Release|Any CPU
		{90E1536B-6B95-4072-8C60-10E4DC30AE1A}.Debug|Any CPU.ActiveCfg = Debug|Any CPU
		{90E1536B-6B95-4072-8C60-10E4DC30AE1A}.Debug|Any CPU.Build.0 = Debug|Any CPU
		{90E1536B-6B95-4072-8C60-10E4DC30AE1A}.Release|Any CPU.ActiveCfg = Release|Any CPU
		{90E1536B-6B95-4072-8C60-10E4DC30AE1A}.Release|Any CPU.Build.0 = Release|Any CPU
		{1C978139-80BD-4081-94CC-14CBAEEFEB24}.Debug|Any CPU.ActiveCfg = Debug|Any CPU
		{1C978139-80BD-4081-94CC-14CBAEEFEB24}.Debug|Any CPU.Build.0 = Debug|Any CPU
		{1C978139-80BD-4081-94CC-14CBAEEFEB24}.Release|Any CPU.ActiveCfg = Release|Any CPU
		{1C978139-80BD-4081-94CC-14CBAEEFEB24}.Release|Any CPU.Build.0 = Release|Any CPU
		{F7008BAF-1F3A-4406-80B1-4A2F2CDC0CDD}.Debug|Any CPU.ActiveCfg = Debug|Any CPU
		{F7008BAF-1F3A-4406-80B1-4A2F2CDC0CDD}.Debug|Any CPU.Build.0 = Debug|Any CPU
		{F7008BAF-1F3A-4406-80B1-4A2F2CDC0CDD}.Release|Any CPU.ActiveCfg = Release|Any CPU
		{F7008BAF-1F3A-4406-80B1-4A2F2CDC0CDD}.Release|Any CPU.Build.0 = Release|Any CPU
		{61DF76E1-DE2B-4DF1-AD5F-89939AB06693}.Debug|Any CPU.ActiveCfg = Debug|Any CPU
		{61DF76E1-DE2B-4DF1-AD5F-89939AB06693}.Debug|Any CPU.Build.0 = Debug|Any CPU
		{61DF76E1-DE2B-4DF1-AD5F-89939AB06693}.Release|Any CPU.ActiveCfg = Release|Any CPU
		{61DF76E1-DE2B-4DF1-AD5F-89939AB06693}.Release|Any CPU.Build.0 = Release|Any CPU
		{8ADDDAE1-FA2C-4637-C67F-8743BEB126CD}.Debug|Any CPU.ActiveCfg = Debug|Any CPU
		{8ADDDAE1-FA2C-4637-C67F-8743BEB126CD}.Debug|Any CPU.Build.0 = Debug|Any CPU
		{8ADDDAE1-FA2C-4637-C67F-8743BEB126CD}.Release|Any CPU.ActiveCfg = Release|Any CPU
		{8ADDDAE1-FA2C-4637-C67F-8743BEB126CD}.Release|Any CPU.Build.0 = Release|Any CPU
		{69DFD21C-D3A3-4764-B3F0-2FDF612E1F65}.Debug|Any CPU.ActiveCfg = Debug|Any CPU
		{69DFD21C-D3A3-4764-B3F0-2FDF612E1F65}.Debug|Any CPU.Build.0 = Debug|Any CPU
		{69DFD21C-D3A3-4764-B3F0-2FDF612E1F65}.Release|Any CPU.ActiveCfg = Release|Any CPU
		{69DFD21C-D3A3-4764-B3F0-2FDF612E1F65}.Release|Any CPU.Build.0 = Release|Any CPU
		{908FE868-7ABE-4FE8-BFA6-C5E6572B780D}.Debug|Any CPU.ActiveCfg = Debug|Any CPU
		{908FE868-7ABE-4FE8-BFA6-C5E6572B780D}.Debug|Any CPU.Build.0 = Debug|Any CPU
		{908FE868-7ABE-4FE8-BFA6-C5E6572B780D}.Release|Any CPU.ActiveCfg = Release|Any CPU
		{908FE868-7ABE-4FE8-BFA6-C5E6572B780D}.Release|Any CPU.Build.0 = Release|Any CPU
		{7160DDAB-12B0-491F-9A79-BF3B5E0CD872}.Debug|Any CPU.ActiveCfg = Debug|Any CPU
		{7160DDAB-12B0-491F-9A79-BF3B5E0CD872}.Debug|Any CPU.Build.0 = Debug|Any CPU
		{7160DDAB-12B0-491F-9A79-BF3B5E0CD872}.Release|Any CPU.ActiveCfg = Release|Any CPU
		{7160DDAB-12B0-491F-9A79-BF3B5E0CD872}.Release|Any CPU.Build.0 = Release|Any CPU
		{CD993F58-A275-4E67-9F8E-BAF3BE6F21B6}.Debug|Any CPU.ActiveCfg = Debug|Any CPU
		{CD993F58-A275-4E67-9F8E-BAF3BE6F21B6}.Debug|Any CPU.Build.0 = Debug|Any CPU
		{CD993F58-A275-4E67-9F8E-BAF3BE6F21B6}.Release|Any CPU.ActiveCfg = Release|Any CPU
		{CD993F58-A275-4E67-9F8E-BAF3BE6F21B6}.Release|Any CPU.Build.0 = Release|Any CPU
	EndGlobalSection
	GlobalSection(SolutionProperties) = preSolution
		HideSolutionNode = FALSE
	EndGlobalSection
	GlobalSection(NestedProjects) = preSolution
		{CE984360-54F0-406F-B8A9-E75897DAED3B} = {7A2A3C07-B652-4759-AFC4-49378D764784}
		{A9A5C115-0680-44B3-A87E-5ECF4C93814E} = {7A2A3C07-B652-4759-AFC4-49378D764784}
		{C8B5E125-4624-44D9-1234-5CAF4C25876E} = {7A2A3C07-B652-4759-AFC4-49378D764784}
		{20713F1D-74E0-44E0-A533-0D3DC30D3898} = {7A2A3C07-B652-4759-AFC4-49378D764784}
		{90E1536B-6B95-4072-8C60-10E4DC30AE1A} = {7A2A3C07-B652-4759-AFC4-49378D764784}
		{1C978139-80BD-4081-94CC-14CBAEEFEB24} = {7A2A3C07-B652-4759-AFC4-49378D764784}
		{F7008BAF-1F3A-4406-80B1-4A2F2CDC0CDD} = {7A2A3C07-B652-4759-AFC4-49378D764784}
		{52F3FFCF-1638-48D8-B124-0347C723F2FC} = {22937B93-4129-4F68-AB14-F7AFE020BA8F}
		{98E60A67-C326-4B83-8EFF-B77E9C651945} = {22937B93-4129-4F68-AB14-F7AFE020BA8F}
		{61DF76E1-DE2B-4DF1-AD5F-89939AB06693} = {22937B93-4129-4F68-AB14-F7AFE020BA8F}
		{8ADDDAE1-FA2C-4637-C67F-8743BEB126CD} = {22937B93-4129-4F68-AB14-F7AFE020BA8F}
		{69DFD21C-D3A3-4764-B3F0-2FDF612E1F65} = {22937B93-4129-4F68-AB14-F7AFE020BA8F}
		{908FE868-7ABE-4FE8-BFA6-C5E6572B780D} = {22937B93-4129-4F68-AB14-F7AFE020BA8F}
		{7160DDAB-12B0-491F-9A79-BF3B5E0CD872} = {22937B93-4129-4F68-AB14-F7AFE020BA8F}
		{CD993F58-A275-4E67-9F8E-BAF3BE6F21B6} = {22937B93-4129-4F68-AB14-F7AFE020BA8F}
	EndGlobalSection
	GlobalSection(ExtensibilityGlobals) = postSolution
		SolutionGuid = {C26EFBC1-5149-4422-AFD3-172667AA018F}
	EndGlobalSection
EndGlobal
